// !$*UTF8*$!
{
	archiveVersion = 1;
	classes = {
	};
	objectVersion = 55;
	objects = {

/* Begin PBXBuildFile section */
		68789051CF2E6C5FDBC4917E /* Pods_NewsTests.framework in Frameworks */ = {isa = PBXBuildFile; fileRef = 3BA86E8975C876D27991992B /* Pods_NewsTests.framework */; };
		75A9E23EBD19DF050CB3106C /* Pods_News.framework in Frameworks */ = {isa = PBXBuildFile; fileRef = 8F0AFEA84BA715978BD5460E /* Pods_News.framework */; };
		B829B7982801ECC90099FBE5 /* NewsTableViewCell.swift in Sources */ = {isa = PBXBuildFile; fileRef = B829B7962801ECC90099FBE5 /* NewsTableViewCell.swift */; };
		B829B79B2801ED140099FBE5 /* NewsTableViewCellTests.swift in Sources */ = {isa = PBXBuildFile; fileRef = B829B79A2801ED140099FBE5 /* NewsTableViewCellTests.swift */; };
		B841104B27FAD1E9007C7D47 /* AppDelegate.swift in Sources */ = {isa = PBXBuildFile; fileRef = B841104A27FAD1E9007C7D47 /* AppDelegate.swift */; };
		B841104D27FAD1E9007C7D47 /* SceneDelegate.swift in Sources */ = {isa = PBXBuildFile; fileRef = B841104C27FAD1E9007C7D47 /* SceneDelegate.swift */; };
		B841105227FAD1E9007C7D47 /* Main.storyboard in Resources */ = {isa = PBXBuildFile; fileRef = B841105027FAD1E9007C7D47 /* Main.storyboard */; };
		B841105427FAD1EA007C7D47 /* Assets.xcassets in Resources */ = {isa = PBXBuildFile; fileRef = B841105327FAD1EA007C7D47 /* Assets.xcassets */; };
		B841105727FAD1EA007C7D47 /* LaunchScreen.storyboard in Resources */ = {isa = PBXBuildFile; fileRef = B841105527FAD1EA007C7D47 /* LaunchScreen.storyboard */; };
		B841107E27FAD38F007C7D47 /* NewsViewController.swift in Sources */ = {isa = PBXBuildFile; fileRef = B841107D27FAD38F007C7D47 /* NewsViewController.swift */; };
		B841108027FAD3A5007C7D47 /* NewsController.swift in Sources */ = {isa = PBXBuildFile; fileRef = B841107F27FAD3A5007C7D47 /* NewsController.swift */; };
		B841108227FAD3B0007C7D47 /* NewsModel.swift in Sources */ = {isa = PBXBuildFile; fileRef = B841108127FAD3B0007C7D47 /* NewsModel.swift */; };
		B841108427FAD4C5007C7D47 /* NewsViewControllerTests.swift in Sources */ = {isa = PBXBuildFile; fileRef = B841108327FAD4C5007C7D47 /* NewsViewControllerTests.swift */; };
		B841108627FAD4E8007C7D47 /* NewsControllerTests.swift in Sources */ = {isa = PBXBuildFile; fileRef = B841108527FAD4E8007C7D47 /* NewsControllerTests.swift */; };
		B841108927FAD510007C7D47 /* NewsModelTests.swift in Sources */ = {isa = PBXBuildFile; fileRef = B841108827FAD510007C7D47 /* NewsModelTests.swift */; };
		B842861C27FAF4AD007F8227 /* NewsModuleTests.swift in Sources */ = {isa = PBXBuildFile; fileRef = B842861B27FAF4AD007F8227 /* NewsModuleTests.swift */; };
		B842861E27FAF9B1007F8227 /* News.swift in Sources */ = {isa = PBXBuildFile; fileRef = B842861D27FAF9B1007F8227 /* News.swift */; };
/* End PBXBuildFile section */

/* Begin PBXContainerItemProxy section */
		B841105E27FAD1EA007C7D47 /* PBXContainerItemProxy */ = {
			isa = PBXContainerItemProxy;
			containerPortal = B841103F27FAD1E9007C7D47 /* Project object */;
			proxyType = 1;
			remoteGlobalIDString = B841104627FAD1E9007C7D47;
			remoteInfo = News;
		};
/* End PBXContainerItemProxy section */

/* Begin PBXFileReference section */
		023013DDE472EC7240C820D5 /* Pods-NewsTests.debug.xcconfig */ = {isa = PBXFileReference; includeInIndex = 1; lastKnownFileType = text.xcconfig; name = "Pods-NewsTests.debug.xcconfig"; path = "Target Support Files/Pods-NewsTests/Pods-NewsTests.debug.xcconfig"; sourceTree = "<group>"; };
		0AAD4E6496A98497E5B49DD3 /* Pods-News.release.xcconfig */ = {isa = PBXFileReference; includeInIndex = 1; lastKnownFileType = text.xcconfig; name = "Pods-News.release.xcconfig"; path = "Target Support Files/Pods-News/Pods-News.release.xcconfig"; sourceTree = "<group>"; };
		2361CC0F4C51278239D34DD5 /* Pods-News.debug.xcconfig */ = {isa = PBXFileReference; includeInIndex = 1; lastKnownFileType = text.xcconfig; name = "Pods-News.debug.xcconfig"; path = "Target Support Files/Pods-News/Pods-News.debug.xcconfig"; sourceTree = "<group>"; };
		3BA86E8975C876D27991992B /* Pods_NewsTests.framework */ = {isa = PBXFileReference; explicitFileType = wrapper.framework; includeInIndex = 0; path = Pods_NewsTests.framework; sourceTree = BUILT_PRODUCTS_DIR; };
		75AAD23DAABABE66C905713C /* Pods-NewsTests.release.xcconfig */ = {isa = PBXFileReference; includeInIndex = 1; lastKnownFileType = text.xcconfig; name = "Pods-NewsTests.release.xcconfig"; path = "Target Support Files/Pods-NewsTests/Pods-NewsTests.release.xcconfig"; sourceTree = "<group>"; };
		8F0AFEA84BA715978BD5460E /* Pods_News.framework */ = {isa = PBXFileReference; explicitFileType = wrapper.framework; includeInIndex = 0; path = Pods_News.framework; sourceTree = BUILT_PRODUCTS_DIR; };
		B829B7962801ECC90099FBE5 /* NewsTableViewCell.swift */ = {isa = PBXFileReference; lastKnownFileType = sourcecode.swift; path = NewsTableViewCell.swift; sourceTree = "<group>"; };
		B829B79A2801ED140099FBE5 /* NewsTableViewCellTests.swift */ = {isa = PBXFileReference; lastKnownFileType = sourcecode.swift; path = NewsTableViewCellTests.swift; sourceTree = "<group>"; };
		B841104727FAD1E9007C7D47 /* News.app */ = {isa = PBXFileReference; explicitFileType = wrapper.application; includeInIndex = 0; path = News.app; sourceTree = BUILT_PRODUCTS_DIR; };
		B841104A27FAD1E9007C7D47 /* AppDelegate.swift */ = {isa = PBXFileReference; lastKnownFileType = sourcecode.swift; path = AppDelegate.swift; sourceTree = "<group>"; };
		B841104C27FAD1E9007C7D47 /* SceneDelegate.swift */ = {isa = PBXFileReference; lastKnownFileType = sourcecode.swift; path = SceneDelegate.swift; sourceTree = "<group>"; };
		B841105127FAD1E9007C7D47 /* Base */ = {isa = PBXFileReference; lastKnownFileType = file.storyboard; name = Base; path = Base.lproj/Main.storyboard; sourceTree = "<group>"; };
		B841105327FAD1EA007C7D47 /* Assets.xcassets */ = {isa = PBXFileReference; lastKnownFileType = folder.assetcatalog; path = Assets.xcassets; sourceTree = "<group>"; };
		B841105627FAD1EA007C7D47 /* Base */ = {isa = PBXFileReference; lastKnownFileType = file.storyboard; name = Base; path = Base.lproj/LaunchScreen.storyboard; sourceTree = "<group>"; };
		B841105827FAD1EA007C7D47 /* Info.plist */ = {isa = PBXFileReference; lastKnownFileType = text.plist.xml; path = Info.plist; sourceTree = "<group>"; };
		B841105D27FAD1EA007C7D47 /* NewsTests.xctest */ = {isa = PBXFileReference; explicitFileType = wrapper.cfbundle; includeInIndex = 0; path = NewsTests.xctest; sourceTree = BUILT_PRODUCTS_DIR; };
		B841107D27FAD38F007C7D47 /* NewsViewController.swift */ = {isa = PBXFileReference; lastKnownFileType = sourcecode.swift; path = NewsViewController.swift; sourceTree = "<group>"; };
		B841107F27FAD3A5007C7D47 /* NewsController.swift */ = {isa = PBXFileReference; lastKnownFileType = sourcecode.swift; path = NewsController.swift; sourceTree = "<group>"; };
		B841108127FAD3B0007C7D47 /* NewsModel.swift */ = {isa = PBXFileReference; lastKnownFileType = sourcecode.swift; path = NewsModel.swift; sourceTree = "<group>"; };
		B841108327FAD4C5007C7D47 /* NewsViewControllerTests.swift */ = {isa = PBXFileReference; lastKnownFileType = sourcecode.swift; path = NewsViewControllerTests.swift; sourceTree = "<group>"; };
		B841108527FAD4E8007C7D47 /* NewsControllerTests.swift */ = {isa = PBXFileReference; lastKnownFileType = sourcecode.swift; path = NewsControllerTests.swift; sourceTree = "<group>"; };
		B841108827FAD510007C7D47 /* NewsModelTests.swift */ = {isa = PBXFileReference; lastKnownFileType = sourcecode.swift; path = NewsModelTests.swift; sourceTree = "<group>"; };
		B842861B27FAF4AD007F8227 /* NewsModuleTests.swift */ = {isa = PBXFileReference; lastKnownFileType = sourcecode.swift; path = NewsModuleTests.swift; sourceTree = "<group>"; };
		B842861D27FAF9B1007F8227 /* News.swift */ = {isa = PBXFileReference; lastKnownFileType = sourcecode.swift; path = News.swift; sourceTree = "<group>"; };
/* End PBXFileReference section */

/* Begin PBXFrameworksBuildPhase section */
		B841104427FAD1E9007C7D47 /* Frameworks */ = {
			isa = PBXFrameworksBuildPhase;
			buildActionMask = 2147483647;
			files = (
				75A9E23EBD19DF050CB3106C /* Pods_News.framework in Frameworks */,
			);
			runOnlyForDeploymentPostprocessing = 0;
		};
		B841105A27FAD1EA007C7D47 /* Frameworks */ = {
			isa = PBXFrameworksBuildPhase;
			buildActionMask = 2147483647;
			files = (
				68789051CF2E6C5FDBC4917E /* Pods_NewsTests.framework in Frameworks */,
			);
			runOnlyForDeploymentPostprocessing = 0;
		};
/* End PBXFrameworksBuildPhase section */

/* Begin PBXGroup section */
		4441714F775A81138E17FF16 /* Pods */ = {
			isa = PBXGroup;
			children = (
				2361CC0F4C51278239D34DD5 /* Pods-News.debug.xcconfig */,
				0AAD4E6496A98497E5B49DD3 /* Pods-News.release.xcconfig */,
				023013DDE472EC7240C820D5 /* Pods-NewsTests.debug.xcconfig */,
				75AAD23DAABABE66C905713C /* Pods-NewsTests.release.xcconfig */,
			);
			path = Pods;
			sourceTree = "<group>";
		};
		B829B7952801ECAD0099FBE5 /* Cell */ = {
			isa = PBXGroup;
			children = (
				B829B7962801ECC90099FBE5 /* NewsTableViewCell.swift */,
			);
			path = Cell;
			sourceTree = "<group>";
		};
		B841103E27FAD1E9007C7D47 = {
			isa = PBXGroup;
			children = (
				B841104927FAD1E9007C7D47 /* News */,
				B841106027FAD1EA007C7D47 /* NewsTests */,
				B841104827FAD1E9007C7D47 /* Products */,
				4441714F775A81138E17FF16 /* Pods */,
				FAB51822B055D54D3D929A3E /* Frameworks */,
			);
			sourceTree = "<group>";
		};
		B841104827FAD1E9007C7D47 /* Products */ = {
			isa = PBXGroup;
			children = (
				B841104727FAD1E9007C7D47 /* News.app */,
				B841105D27FAD1EA007C7D47 /* NewsTests.xctest */,
			);
			name = Products;
			sourceTree = "<group>";
		};
		B841104927FAD1E9007C7D47 /* News */ = {
			isa = PBXGroup;
			children = (
				B829B7952801ECAD0099FBE5 /* Cell */,
				B841107B27FAD306007C7D47 /* View */,
				B841107C27FAD30F007C7D47 /* Controller */,
				B841107A27FAD2F5007C7D47 /* Model */,
				B841104A27FAD1E9007C7D47 /* AppDelegate.swift */,
				B841104C27FAD1E9007C7D47 /* SceneDelegate.swift */,
				B841105027FAD1E9007C7D47 /* Main.storyboard */,
				B841105327FAD1EA007C7D47 /* Assets.xcassets */,
				B841105527FAD1EA007C7D47 /* LaunchScreen.storyboard */,
				B841105827FAD1EA007C7D47 /* Info.plist */,
			);
			path = News;
			sourceTree = "<group>";
		};
		B841106027FAD1EA007C7D47 /* NewsTests */ = {
			isa = PBXGroup;
			children = (
				B841108727FAD4F3007C7D47 /* NewsModule */,
			);
			path = NewsTests;
			sourceTree = "<group>";
		};
		B841107A27FAD2F5007C7D47 /* Model */ = {
			isa = PBXGroup;
			children = (
				B841108127FAD3B0007C7D47 /* NewsModel.swift */,
				B842861D27FAF9B1007F8227 /* News.swift */,
			);
			path = Model;
			sourceTree = "<group>";
		};
		B841107B27FAD306007C7D47 /* View */ = {
			isa = PBXGroup;
			children = (
				B841107D27FAD38F007C7D47 /* NewsViewController.swift */,
			);
			path = View;
			sourceTree = "<group>";
		};
		B841107C27FAD30F007C7D47 /* Controller */ = {
			isa = PBXGroup;
			children = (
				B841107F27FAD3A5007C7D47 /* NewsController.swift */,
			);
			path = Controller;
			sourceTree = "<group>";
		};
		B841108727FAD4F3007C7D47 /* NewsModule */ = {
			isa = PBXGroup;
			children = (
				B842861B27FAF4AD007F8227 /* NewsModuleTests.swift */,
				B841108327FAD4C5007C7D47 /* NewsViewControllerTests.swift */,
				B841108527FAD4E8007C7D47 /* NewsControllerTests.swift */,
				B841108827FAD510007C7D47 /* NewsModelTests.swift */,
				B829B79A2801ED140099FBE5 /* NewsTableViewCellTests.swift */,
			);
			path = NewsModule;
			sourceTree = "<group>";
		};
		FAB51822B055D54D3D929A3E /* Frameworks */ = {
			isa = PBXGroup;
			children = (
				8F0AFEA84BA715978BD5460E /* Pods_News.framework */,
				3BA86E8975C876D27991992B /* Pods_NewsTests.framework */,
			);
			name = Frameworks;
			sourceTree = "<group>";
		};
/* End PBXGroup section */

/* Begin PBXNativeTarget section */
		B841104627FAD1E9007C7D47 /* News */ = {
			isa = PBXNativeTarget;
			buildConfigurationList = B841107127FAD1EA007C7D47 /* Build configuration list for PBXNativeTarget "News" */;
			buildPhases = (
				2C345CA30B1CA0A22B03D2D3 /* [CP] Check Pods Manifest.lock */,
				B841104327FAD1E9007C7D47 /* Sources */,
				B841104427FAD1E9007C7D47 /* Frameworks */,
				B841104527FAD1E9007C7D47 /* Resources */,
				FFB49BFDF9F69526B527986B /* [CP] Embed Pods Frameworks */,
			);
			buildRules = (
			);
			dependencies = (
			);
			name = News;
			productName = News;
			productReference = B841104727FAD1E9007C7D47 /* News.app */;
			productType = "com.apple.product-type.application";
		};
		B841105C27FAD1EA007C7D47 /* NewsTests */ = {
			isa = PBXNativeTarget;
			buildConfigurationList = B841107427FAD1EA007C7D47 /* Build configuration list for PBXNativeTarget "NewsTests" */;
			buildPhases = (
				E840B0D05C438E4EDD2F0A28 /* [CP] Check Pods Manifest.lock */,
				B841105927FAD1EA007C7D47 /* Sources */,
				B841105A27FAD1EA007C7D47 /* Frameworks */,
				B841105B27FAD1EA007C7D47 /* Resources */,
			);
			buildRules = (
			);
			dependencies = (
				B841105F27FAD1EA007C7D47 /* PBXTargetDependency */,
			);
			name = NewsTests;
			productName = NewsTests;
			productReference = B841105D27FAD1EA007C7D47 /* NewsTests.xctest */;
			productType = "com.apple.product-type.bundle.unit-test";
		};
/* End PBXNativeTarget section */

/* Begin PBXProject section */
		B841103F27FAD1E9007C7D47 /* Project object */ = {
			isa = PBXProject;
			attributes = {
				BuildIndependentTargetsInParallel = 1;
				LastSwiftUpdateCheck = 1330;
				LastUpgradeCheck = 1330;
				TargetAttributes = {
					B841104627FAD1E9007C7D47 = {
						CreatedOnToolsVersion = 13.3;
					};
					B841105C27FAD1EA007C7D47 = {
						CreatedOnToolsVersion = 13.3;
						TestTargetID = B841104627FAD1E9007C7D47;
					};
				};
			};
			buildConfigurationList = B841104227FAD1E9007C7D47 /* Build configuration list for PBXProject "News" */;
			compatibilityVersion = "Xcode 13.0";
			developmentRegion = en;
			hasScannedForEncodings = 0;
			knownRegions = (
				en,
				Base,
			);
			mainGroup = B841103E27FAD1E9007C7D47;
			productRefGroup = B841104827FAD1E9007C7D47 /* Products */;
			projectDirPath = "";
			projectRoot = "";
			targets = (
				B841104627FAD1E9007C7D47 /* News */,
				B841105C27FAD1EA007C7D47 /* NewsTests */,
			);
		};
/* End PBXProject section */

/* Begin PBXResourcesBuildPhase section */
		B841104527FAD1E9007C7D47 /* Resources */ = {
			isa = PBXResourcesBuildPhase;
			buildActionMask = 2147483647;
			files = (
				B841105727FAD1EA007C7D47 /* LaunchScreen.storyboard in Resources */,
				B841105427FAD1EA007C7D47 /* Assets.xcassets in Resources */,
				B841105227FAD1E9007C7D47 /* Main.storyboard in Resources */,
			);
			runOnlyForDeploymentPostprocessing = 0;
		};
		B841105B27FAD1EA007C7D47 /* Resources */ = {
			isa = PBXResourcesBuildPhase;
			buildActionMask = 2147483647;
			files = (
			);
			runOnlyForDeploymentPostprocessing = 0;
		};
/* End PBXResourcesBuildPhase section */

/* Begin PBXShellScriptBuildPhase section */
		2C345CA30B1CA0A22B03D2D3 /* [CP] Check Pods Manifest.lock */ = {
			isa = PBXShellScriptBuildPhase;
			buildActionMask = 2147483647;
			files = (
			);
			inputFileListPaths = (
			);
			inputPaths = (
				"${PODS_PODFILE_DIR_PATH}/Podfile.lock",
				"${PODS_ROOT}/Manifest.lock",
			);
			name = "[CP] Check Pods Manifest.lock";
			outputFileListPaths = (
			);
			outputPaths = (
				"$(DERIVED_FILE_DIR)/Pods-News-checkManifestLockResult.txt",
			);
			runOnlyForDeploymentPostprocessing = 0;
			shellPath = /bin/sh;
			shellScript = "diff \"${PODS_PODFILE_DIR_PATH}/Podfile.lock\" \"${PODS_ROOT}/Manifest.lock\" > /dev/null\nif [ $? != 0 ] ; then\n    # print error to STDERR\n    echo \"error: The sandbox is not in sync with the Podfile.lock. Run 'pod install' or update your CocoaPods installation.\" >&2\n    exit 1\nfi\n# This output is used by Xcode 'outputs' to avoid re-running this script phase.\necho \"SUCCESS\" > \"${SCRIPT_OUTPUT_FILE_0}\"\n";
			showEnvVarsInLog = 0;
		};
		E840B0D05C438E4EDD2F0A28 /* [CP] Check Pods Manifest.lock */ = {
			isa = PBXShellScriptBuildPhase;
			buildActionMask = 2147483647;
			files = (
			);
			inputFileListPaths = (
			);
			inputPaths = (
				"${PODS_PODFILE_DIR_PATH}/Podfile.lock",
				"${PODS_ROOT}/Manifest.lock",
			);
			name = "[CP] Check Pods Manifest.lock";
			outputFileListPaths = (
			);
			outputPaths = (
				"$(DERIVED_FILE_DIR)/Pods-NewsTests-checkManifestLockResult.txt",
			);
			runOnlyForDeploymentPostprocessing = 0;
			shellPath = /bin/sh;
			shellScript = "diff \"${PODS_PODFILE_DIR_PATH}/Podfile.lock\" \"${PODS_ROOT}/Manifest.lock\" > /dev/null\nif [ $? != 0 ] ; then\n    # print error to STDERR\n    echo \"error: The sandbox is not in sync with the Podfile.lock. Run 'pod install' or update your CocoaPods installation.\" >&2\n    exit 1\nfi\n# This output is used by Xcode 'outputs' to avoid re-running this script phase.\necho \"SUCCESS\" > \"${SCRIPT_OUTPUT_FILE_0}\"\n";
			showEnvVarsInLog = 0;
		};
		FFB49BFDF9F69526B527986B /* [CP] Embed Pods Frameworks */ = {
			isa = PBXShellScriptBuildPhase;
			buildActionMask = 2147483647;
			files = (
			);
			inputFileListPaths = (
				"${PODS_ROOT}/Target Support Files/Pods-News/Pods-News-frameworks-${CONFIGURATION}-input-files.xcfilelist",
			);
			name = "[CP] Embed Pods Frameworks";
			outputFileListPaths = (
				"${PODS_ROOT}/Target Support Files/Pods-News/Pods-News-frameworks-${CONFIGURATION}-output-files.xcfilelist",
			);
			runOnlyForDeploymentPostprocessing = 0;
			shellPath = /bin/sh;
			shellScript = "\"${PODS_ROOT}/Target Support Files/Pods-News/Pods-News-frameworks.sh\"\n";
			showEnvVarsInLog = 0;
		};
/* End PBXShellScriptBuildPhase section */

/* Begin PBXSourcesBuildPhase section */
		B841104327FAD1E9007C7D47 /* Sources */ = {
			isa = PBXSourcesBuildPhase;
			buildActionMask = 2147483647;
			files = (
				B842861E27FAF9B1007F8227 /* News.swift in Sources */,
				B829B7982801ECC90099FBE5 /* NewsTableViewCell.swift in Sources */,
				B841108027FAD3A5007C7D47 /* NewsController.swift in Sources */,
				B841107E27FAD38F007C7D47 /* NewsViewController.swift in Sources */,
				B841104B27FAD1E9007C7D47 /* AppDelegate.swift in Sources */,
				B841104D27FAD1E9007C7D47 /* SceneDelegate.swift in Sources */,
				B841108227FAD3B0007C7D47 /* NewsModel.swift in Sources */,
			);
			runOnlyForDeploymentPostprocessing = 0;
		};
		B841105927FAD1EA007C7D47 /* Sources */ = {
			isa = PBXSourcesBuildPhase;
			buildActionMask = 2147483647;
			files = (
				B841108927FAD510007C7D47 /* NewsModelTests.swift in Sources */,
				B841108427FAD4C5007C7D47 /* NewsViewControllerTests.swift in Sources */,
				B842861C27FAF4AD007F8227 /* NewsModuleTests.swift in Sources */,
				B841108627FAD4E8007C7D47 /* NewsControllerTests.swift in Sources */,
				B829B79B2801ED140099FBE5 /* NewsTableViewCellTests.swift in Sources */,
			);
			runOnlyForDeploymentPostprocessing = 0;
		};
/* End PBXSourcesBuildPhase section */

/* Begin PBXTargetDependency section */
		B841105F27FAD1EA007C7D47 /* PBXTargetDependency */ = {
			isa = PBXTargetDependency;
			target = B841104627FAD1E9007C7D47 /* News */;
			targetProxy = B841105E27FAD1EA007C7D47 /* PBXContainerItemProxy */;
		};
/* End PBXTargetDependency section */

/* Begin PBXVariantGroup section */
		B841105027FAD1E9007C7D47 /* Main.storyboard */ = {
			isa = PBXVariantGroup;
			children = (
				B841105127FAD1E9007C7D47 /* Base */,
			);
			name = Main.storyboard;
			sourceTree = "<group>";
		};
		B841105527FAD1EA007C7D47 /* LaunchScreen.storyboard */ = {
			isa = PBXVariantGroup;
			children = (
				B841105627FAD1EA007C7D47 /* Base */,
			);
			name = LaunchScreen.storyboard;
			sourceTree = "<group>";
		};
/* End PBXVariantGroup section */

/* Begin XCBuildConfiguration section */
		B841106F27FAD1EA007C7D47 /* Debug */ = {
			isa = XCBuildConfiguration;
			buildSettings = {
				ALWAYS_SEARCH_USER_PATHS = NO;
				CLANG_ANALYZER_NONNULL = YES;
				CLANG_ANALYZER_NUMBER_OBJECT_CONVERSION = YES_AGGRESSIVE;
				CLANG_CXX_LANGUAGE_STANDARD = "gnu++17";
				CLANG_ENABLE_MODULES = YES;
				CLANG_ENABLE_OBJC_ARC = YES;
				CLANG_ENABLE_OBJC_WEAK = YES;
				CLANG_WARN_BLOCK_CAPTURE_AUTORELEASING = YES;
				CLANG_WARN_BOOL_CONVERSION = YES;
				CLANG_WARN_COMMA = YES;
				CLANG_WARN_CONSTANT_CONVERSION = YES;
				CLANG_WARN_DEPRECATED_OBJC_IMPLEMENTATIONS = YES;
				CLANG_WARN_DIRECT_OBJC_ISA_USAGE = YES_ERROR;
				CLANG_WARN_DOCUMENTATION_COMMENTS = YES;
				CLANG_WARN_EMPTY_BODY = YES;
				CLANG_WARN_ENUM_CONVERSION = YES;
				CLANG_WARN_INFINITE_RECURSION = YES;
				CLANG_WARN_INT_CONVERSION = YES;
				CLANG_WARN_NON_LITERAL_NULL_CONVERSION = YES;
				CLANG_WARN_OBJC_IMPLICIT_RETAIN_SELF = YES;
				CLANG_WARN_OBJC_LITERAL_CONVERSION = YES;
				CLANG_WARN_OBJC_ROOT_CLASS = YES_ERROR;
				CLANG_WARN_QUOTED_INCLUDE_IN_FRAMEWORK_HEADER = YES;
				CLANG_WARN_RANGE_LOOP_ANALYSIS = YES;
				CLANG_WARN_STRICT_PROTOTYPES = YES;
				CLANG_WARN_SUSPICIOUS_MOVE = YES;
				CLANG_WARN_UNGUARDED_AVAILABILITY = YES_AGGRESSIVE;
				CLANG_WARN_UNREACHABLE_CODE = YES;
				CLANG_WARN__DUPLICATE_METHOD_MATCH = YES;
				COPY_PHASE_STRIP = NO;
				DEBUG_INFORMATION_FORMAT = dwarf;
				ENABLE_STRICT_OBJC_MSGSEND = YES;
				ENABLE_TESTABILITY = YES;
				GCC_C_LANGUAGE_STANDARD = gnu11;
				GCC_DYNAMIC_NO_PIC = NO;
				GCC_NO_COMMON_BLOCKS = YES;
				GCC_OPTIMIZATION_LEVEL = 0;
				GCC_PREPROCESSOR_DEFINITIONS = (
					"DEBUG=1",
					"$(inherited)",
				);
				GCC_WARN_64_TO_32_BIT_CONVERSION = YES;
				GCC_WARN_ABOUT_RETURN_TYPE = YES_ERROR;
				GCC_WARN_UNDECLARED_SELECTOR = YES;
				GCC_WARN_UNINITIALIZED_AUTOS = YES_AGGRESSIVE;
				GCC_WARN_UNUSED_FUNCTION = YES;
				GCC_WARN_UNUSED_VARIABLE = YES;
				IPHONEOS_DEPLOYMENT_TARGET = 15.4;
				MTL_ENABLE_DEBUG_INFO = INCLUDE_SOURCE;
				MTL_FAST_MATH = YES;
				ONLY_ACTIVE_ARCH = YES;
				SDKROOT = iphoneos;
				SWIFT_ACTIVE_COMPILATION_CONDITIONS = DEBUG;
				SWIFT_OPTIMIZATION_LEVEL = "-Onone";
			};
			name = Debug;
		};
		B841107027FAD1EA007C7D47 /* Release */ = {
			isa = XCBuildConfiguration;
			buildSettings = {
				ALWAYS_SEARCH_USER_PATHS = NO;
				CLANG_ANALYZER_NONNULL = YES;
				CLANG_ANALYZER_NUMBER_OBJECT_CONVERSION = YES_AGGRESSIVE;
				CLANG_CXX_LANGUAGE_STANDARD = "gnu++17";
				CLANG_ENABLE_MODULES = YES;
				CLANG_ENABLE_OBJC_ARC = YES;
				CLANG_ENABLE_OBJC_WEAK = YES;
				CLANG_WARN_BLOCK_CAPTURE_AUTORELEASING = YES;
				CLANG_WARN_BOOL_CONVERSION = YES;
				CLANG_WARN_COMMA = YES;
				CLANG_WARN_CONSTANT_CONVERSION = YES;
				CLANG_WARN_DEPRECATED_OBJC_IMPLEMENTATIONS = YES;
				CLANG_WARN_DIRECT_OBJC_ISA_USAGE = YES_ERROR;
				CLANG_WARN_DOCUMENTATION_COMMENTS = YES;
				CLANG_WARN_EMPTY_BODY = YES;
				CLANG_WARN_ENUM_CONVERSION = YES;
				CLANG_WARN_INFINITE_RECURSION = YES;
				CLANG_WARN_INT_CONVERSION = YES;
				CLANG_WARN_NON_LITERAL_NULL_CONVERSION = YES;
				CLANG_WARN_OBJC_IMPLICIT_RETAIN_SELF = YES;
				CLANG_WARN_OBJC_LITERAL_CONVERSION = YES;
				CLANG_WARN_OBJC_ROOT_CLASS = YES_ERROR;
				CLANG_WARN_QUOTED_INCLUDE_IN_FRAMEWORK_HEADER = YES;
				CLANG_WARN_RANGE_LOOP_ANALYSIS = YES;
				CLANG_WARN_STRICT_PROTOTYPES = YES;
				CLANG_WARN_SUSPICIOUS_MOVE = YES;
				CLANG_WARN_UNGUARDED_AVAILABILITY = YES_AGGRESSIVE;
				CLANG_WARN_UNREACHABLE_CODE = YES;
				CLANG_WARN__DUPLICATE_METHOD_MATCH = YES;
				COPY_PHASE_STRIP = NO;
				DEBUG_INFORMATION_FORMAT = "dwarf-with-dsym";
				ENABLE_NS_ASSERTIONS = NO;
				ENABLE_STRICT_OBJC_MSGSEND = YES;
				GCC_C_LANGUAGE_STANDARD = gnu11;
				GCC_NO_COMMON_BLOCKS = YES;
				GCC_WARN_64_TO_32_BIT_CONVERSION = YES;
				GCC_WARN_ABOUT_RETURN_TYPE = YES_ERROR;
				GCC_WARN_UNDECLARED_SELECTOR = YES;
				GCC_WARN_UNINITIALIZED_AUTOS = YES_AGGRESSIVE;
				GCC_WARN_UNUSED_FUNCTION = YES;
				GCC_WARN_UNUSED_VARIABLE = YES;
				IPHONEOS_DEPLOYMENT_TARGET = 15.4;
				MTL_ENABLE_DEBUG_INFO = NO;
				MTL_FAST_MATH = YES;
				SDKROOT = iphoneos;
				SWIFT_COMPILATION_MODE = wholemodule;
				SWIFT_OPTIMIZATION_LEVEL = "-O";
				VALIDATE_PRODUCT = YES;
			};
			name = Release;
		};
		B841107227FAD1EA007C7D47 /* Debug */ = {
			isa = XCBuildConfiguration;
			baseConfigurationReference = 2361CC0F4C51278239D34DD5 /* Pods-News.debug.xcconfig */;
			buildSettings = {
				ASSETCATALOG_COMPILER_APPICON_NAME = AppIcon;
				ASSETCATALOG_COMPILER_GLOBAL_ACCENT_COLOR_NAME = AccentColor;
				CODE_SIGN_STYLE = Automatic;
				CURRENT_PROJECT_VERSION = 1;
				DEVELOPMENT_TEAM = 5998BU97D3;
				GENERATE_INFOPLIST_FILE = YES;
				INFOPLIST_FILE = News/Info.plist;
				INFOPLIST_KEY_UIApplicationSupportsIndirectInputEvents = YES;
				INFOPLIST_KEY_UILaunchStoryboardName = LaunchScreen;
				INFOPLIST_KEY_UIMainStoryboardFile = Main;
				INFOPLIST_KEY_UISupportedInterfaceOrientations_iPad = "UIInterfaceOrientationPortrait UIInterfaceOrientationPortraitUpsideDown UIInterfaceOrientationLandscapeLeft UIInterfaceOrientationLandscapeRight";
				INFOPLIST_KEY_UISupportedInterfaceOrientations_iPhone = "UIInterfaceOrientationPortrait UIInterfaceOrientationLandscapeLeft UIInterfaceOrientationLandscapeRight";
				IPHONEOS_DEPLOYMENT_TARGET = 15.0;
				LD_RUNPATH_SEARCH_PATHS = (
					"$(inherited)",
					"@executable_path/Frameworks",
				);
				MARKETING_VERSION = 1.0;
				PRODUCT_BUNDLE_IDENTIFIER = artemiykutasevich.News;
				PRODUCT_NAME = "$(TARGET_NAME)";
				SWIFT_EMIT_LOC_STRINGS = YES;
				SWIFT_VERSION = 5.0;
				TARGETED_DEVICE_FAMILY = "1,2";
			};
			name = Debug;
		};
		B841107327FAD1EA007C7D47 /* Release */ = {
			isa = XCBuildConfiguration;
			baseConfigurationReference = 0AAD4E6496A98497E5B49DD3 /* Pods-News.release.xcconfig */;
			buildSettings = {
				ASSETCATALOG_COMPILER_APPICON_NAME = AppIcon;
				ASSETCATALOG_COMPILER_GLOBAL_ACCENT_COLOR_NAME = AccentColor;
				CODE_SIGN_STYLE = Automatic;
				CURRENT_PROJECT_VERSION = 1;
				DEVELOPMENT_TEAM = 5998BU97D3;
				GENERATE_INFOPLIST_FILE = YES;
				INFOPLIST_FILE = News/Info.plist;
				INFOPLIST_KEY_UIApplicationSupportsIndirectInputEvents = YES;
				INFOPLIST_KEY_UILaunchStoryboardName = LaunchScreen;
				INFOPLIST_KEY_UIMainStoryboardFile = Main;
				INFOPLIST_KEY_UISupportedInterfaceOrientations_iPad = "UIInterfaceOrientationPortrait UIInterfaceOrientationPortraitUpsideDown UIInterfaceOrientationLandscapeLeft UIInterfaceOrientationLandscapeRight";
				INFOPLIST_KEY_UISupportedInterfaceOrientations_iPhone = "UIInterfaceOrientationPortrait UIInterfaceOrientationLandscapeLeft UIInterfaceOrientationLandscapeRight";
				IPHONEOS_DEPLOYMENT_TARGET = 15.0;
				LD_RUNPATH_SEARCH_PATHS = (
					"$(inherited)",
					"@executable_path/Frameworks",
				);
				MARKETING_VERSION = 1.0;
				PRODUCT_BUNDLE_IDENTIFIER = artemiykutasevich.News;
				PRODUCT_NAME = "$(TARGET_NAME)";
				SWIFT_EMIT_LOC_STRINGS = YES;
				SWIFT_VERSION = 5.0;
				TARGETED_DEVICE_FAMILY = "1,2";
			};
			name = Release;
		};
		B841107527FAD1EA007C7D47 /* Debug */ = {
			isa = XCBuildConfiguration;
			baseConfigurationReference = 023013DDE472EC7240C820D5 /* Pods-NewsTests.debug.xcconfig */;
			buildSettings = {
				ALWAYS_EMBED_SWIFT_STANDARD_LIBRARIES = YES;
				BUNDLE_LOADER = "$(TEST_HOST)";
				CODE_SIGN_STYLE = Automatic;
				CURRENT_PROJECT_VERSION = 1;
				DEVELOPMENT_TEAM = 5998BU97D3;
				GENERATE_INFOPLIST_FILE = YES;
				IPHONEOS_DEPLOYMENT_TARGET = 15.4;
				MARKETING_VERSION = 1.0;
				PRODUCT_BUNDLE_IDENTIFIER = artemiykutasevich.NewsTests;
				PRODUCT_NAME = "$(TARGET_NAME)";
				SWIFT_EMIT_LOC_STRINGS = NO;
				SWIFT_VERSION = 5.0;
				TARGETED_DEVICE_FAMILY = "1,2";
				TEST_HOST = "$(BUILT_PRODUCTS_DIR)/News.app/News";
			};
			name = Debug;
		};
		B841107627FAD1EA007C7D47 /* Release */ = {
			isa = XCBuildConfiguration;
			baseConfigurationReference = 75AAD23DAABABE66C905713C /* Pods-NewsTests.release.xcconfig */;
			buildSettings = {
				ALWAYS_EMBED_SWIFT_STANDARD_LIBRARIES = YES;
				BUNDLE_LOADER = "$(TEST_HOST)";
				CODE_SIGN_STYLE = Automatic;
				CURRENT_PROJECT_VERSION = 1;
				DEVELOPMENT_TEAM = 5998BU97D3;
				GENERATE_INFOPLIST_FILE = YES;
				IPHONEOS_DEPLOYMENT_TARGET = 15.4;
				MARKETING_VERSION = 1.0;
				PRODUCT_BUNDLE_IDENTIFIER = artemiykutasevich.NewsTests;
				PRODUCT_NAME = "$(TARGET_NAME)";
				SWIFT_EMIT_LOC_STRINGS = NO;
				SWIFT_VERSION = 5.0;
				TARGETED_DEVICE_FAMILY = "1,2";
				TEST_HOST = "$(BUILT_PRODUCTS_DIR)/News.app/News";
			};
			name = Release;
		};
/* End XCBuildConfiguration section */

/* Begin XCConfigurationList section */
		B841104227FAD1E9007C7D47 /* Build configuration list for PBXProject "News" */ = {
			isa = XCConfigurationList;
			buildConfigurations = (
				B841106F27FAD1EA007C7D47 /* Debug */,
				B841107027FAD1EA007C7D47 /* Release */,
			);
			defaultConfigurationIsVisible = 0;
			defaultConfigurationName = Release;
		};
		B841107127FAD1EA007C7D47 /* Build configuration list for PBXNativeTarget "News" */ = {
			isa = XCConfigurationList;
			buildConfigurations = (
				B841107227FAD1EA007C7D47 /* Debug */,
				B841107327FAD1EA007C7D47 /* Release */,
			);
			defaultConfigurationIsVisible = 0;
			defaultConfigurationName = Release;
		};
		B841107427FAD1EA007C7D47 /* Build configuration list for PBXNativeTarget "NewsTests" */ = {
			isa = XCConfigurationList;
			buildConfigurations = (
				B841107527FAD1EA007C7D47 /* Debug */,
				B841107627FAD1EA007C7D47 /* Release */,
			);
			defaultConfigurationIsVisible = 0;
			defaultConfigurationName = Release;
		};
/* End XCConfigurationList section */
	};
	rootObject = B841103F27FAD1E9007C7D47 /* Project object */;
}
